
Microsoft Visual Studio Solution File, Format Version 12.00
# Visual Studio Version 17
VisualStudioVersion = 17.2.32630.192
MinimumVisualStudioVersion = 10.0.40219.1
Project("{FAE04EC0-301F-11D3-BF4B-00C04F79EFBC}") = "Calculadora", "Calculadora\Calculadora.csproj", "{6541C9EB-7B20-4868-95AE-A08EFB40B9F3}"
EndProject
Global
	GlobalSection(SolutionConfigurationPlatforms) = preSolution
		Debug|Any CPU = Debug|Any CPU
		Release|Any CPU = Release|Any CPU
	EndGlobalSection
	GlobalSection(ProjectConfigurationPlatforms) = postSolution
		{6541C9EB-7B20-4868-95AE-A08EFB40B9F3}.Debug|Any CPU.ActiveCfg = Debug|Any CPU
		{6541C9EB-7B20-4868-95AE-A08EFB40B9F3}.Debug|Any CPU.Build.0 = Debug|Any CPU
		{6541C9EB-7B20-4868-95AE-A08EFB40B9F3}.Release|Any CPU.ActiveCfg = Release|Any CPU
		{6541C9EB-7B20-4868-95AE-A08EFB40B9F3}.Release|Any CPU.Build.0 = Release|Any CPU
	EndGlobalSection
	GlobalSection(SolutionProperties) = preSolution
		HideSolutionNode = FALSE
	EndGlobalSection
	GlobalSection(ExtensibilityGlobals) = postSolution
		SolutionGuid = {292E496F-F30F-4E36-89EE-5DABF6AE3C9F}
	EndGlobalSection
EndGlobal
